PODS:
  - Alamofire (5.6.2)
  - Cosmos (23.0.0)
  - DropDown (2.3.13)
  - JXReviewController (0.1.3):
    - SnapKit
    - UIButtonSetBackgroundColorForState
  - NVActivityIndicatorView (5.1.1):
    - NVActivityIndicatorView/Base (= 5.1.1)
  - NVActivityIndicatorView/Base (5.1.1)
  - SDWebImage (5.13.2):
    - SDWebImage/Core (= 5.13.2)
  - SDWebImage/Core (5.13.2)
  - SnapKit (5.6.0)
  - UIButtonSetBackgroundColorForState (0.1.1)

DEPENDENCIES:
  - Alamofire (~> 5.6.1)
  - Cosmos
  - DropDown
  - JXReviewController
  - NVActivityIndicatorView
  - SDWebImage (~> 5.0)

SPEC REPOS:
  trunk:
    - Alamofire
    - Cosmos
    - DropDown
    - JXReviewController
    - NVActivityIndicatorView
    - SDWebImage
    - SnapKit
    - UIButtonSetBackgroundColorForState

SPEC CHECKSUMS:
  Alamofire: d368e1ff8a298e6dde360e35a3e68e6c610e7204
  Cosmos: b5c6a9a637e28a061b54c8f8b1d8529d7d4db73f
  DropDown: 8a2116376c1981888557f72ec2ffc9a5e0e456ec
  JXReviewController: 69c616fe3a8afe354f5c4b580e0dee64c795aab3
  NVActivityIndicatorView: 1f6c5687f1171810aa27a3296814dc2d7dec3667
  SDWebImage: 72f86271a6f3139cc7e4a89220946489d4b9a866
  SnapKit: e01d52ebb8ddbc333eefe2132acf85c8227d9c25
  UIButtonSetBackgroundColorForState: 53e57d766d62f19e564b62bf31b64236902f852c

PODFILE CHECKSUM: 4d61e1c571b7c6fa5ca41e3c8e452f5627c25183

COCOAPODS: 1.8.4
