// !$*UTF8*$!
{
	archiveVersion = 1;
	classes = {
	};
	objectVersion = 55;
	objects = {

/* Begin PBXBuildFile section */
		79475E142882438D005911E3 /* AppDelegate.swift in Sources */ = {isa = PBXBuildFile; fileRef = 79475E132882438D005911E3 /* AppDelegate.swift */; };
		79475E162882438D005911E3 /* SceneDelegate.swift in Sources */ = {isa = PBXBuildFile; fileRef = 79475E152882438D005911E3 /* SceneDelegate.swift */; };
		79475E182882438D005911E3 /* ViewController.swift in Sources */ = {isa = PBXBuildFile; fileRef = 79475E172882438D005911E3 /* ViewController.swift */; };
		79475E1B2882438D005911E3 /* Main.storyboard in Resources */ = {isa = PBXBuildFile; fileRef = 79475E192882438D005911E3 /* Main.storyboard */; };
		79475E1D2882438E005911E3 /* Assets.xcassets in Resources */ = {isa = PBXBuildFile; fileRef = 79475E1C2882438E005911E3 /* Assets.xcassets */; };
		79475E202882438E005911E3 /* LaunchScreen.storyboard in Resources */ = {isa = PBXBuildFile; fileRef = 79475E1E2882438E005911E3 /* LaunchScreen.storyboard */; };
		79475E2B2882438E005911E3 /* LAPTOPNVNTests.swift in Sources */ = {isa = PBXBuildFile; fileRef = 79475E2A2882438E005911E3 /* LAPTOPNVNTests.swift */; };
		79475E352882438E005911E3 /* LAPTOPNVNUITests.swift in Sources */ = {isa = PBXBuildFile; fileRef = 79475E342882438E005911E3 /* LAPTOPNVNUITests.swift */; };
		79475E372882438E005911E3 /* LAPTOPNVNUITestsLaunchTests.swift in Sources */ = {isa = PBXBuildFile; fileRef = 79475E362882438E005911E3 /* LAPTOPNVNUITestsLaunchTests.swift */; };
/* End PBXBuildFile section */

/* Begin PBXContainerItemProxy section */
		79475E272882438E005911E3 /* PBXContainerItemProxy */ = {
			isa = PBXContainerItemProxy;
			containerPortal = 79475E082882438D005911E3 /* Project object */;
			proxyType = 1;
			remoteGlobalIDString = 79475E0F2882438D005911E3;
			remoteInfo = LAPTOPNVN;
		};
		79475E312882438E005911E3 /* PBXContainerItemProxy */ = {
			isa = PBXContainerItemProxy;
			containerPortal = 79475E082882438D005911E3 /* Project object */;
			proxyType = 1;
			remoteGlobalIDString = 79475E0F2882438D005911E3;
			remoteInfo = LAPTOPNVN;
		};
/* End PBXContainerItemProxy section */

/* Begin PBXFileReference section */
		79475E102882438D005911E3 /* LAPTOPNVN.app */ = {isa = PBXFileReference; explicitFileType = wrapper.application; includeInIndex = 0; path = LAPTOPNVN.app; sourceTree = BUILT_PRODUCTS_DIR; };
		79475E132882438D005911E3 /* AppDelegate.swift */ = {isa = PBXFileReference; lastKnownFileType = sourcecode.swift; path = AppDelegate.swift; sourceTree = "<group>"; };
		79475E152882438D005911E3 /* SceneDelegate.swift */ = {isa = PBXFileReference; lastKnownFileType = sourcecode.swift; path = SceneDelegate.swift; sourceTree = "<group>"; };
		79475E172882438D005911E3 /* ViewController.swift */ = {isa = PBXFileReference; lastKnownFileType = sourcecode.swift; path = ViewController.swift; sourceTree = "<group>"; };
		79475E1A2882438D005911E3 /* Base */ = {isa = PBXFileReference; lastKnownFileType = file.storyboard; name = Base; path = Base.lproj/Main.storyboard; sourceTree = "<group>"; };
		79475E1C2882438E005911E3 /* Assets.xcassets */ = {isa = PBXFileReference; lastKnownFileType = folder.assetcatalog; path = Assets.xcassets; sourceTree = "<group>"; };
		79475E1F2882438E005911E3 /* Base */ = {isa = PBXFileReference; lastKnownFileType = file.storyboard; name = Base; path = Base.lproj/LaunchScreen.storyboard; sourceTree = "<group>"; };
		79475E212882438E005911E3 /* Info.plist */ = {isa = PBXFileReference; lastKnownFileType = text.plist.xml; path = Info.plist; sourceTree = "<group>"; };
		79475E262882438E005911E3 /* LAPTOPNVNTests.xctest */ = {isa = PBXFileReference; explicitFileType = wrapper.cfbundle; includeInIndex = 0; path = LAPTOPNVNTests.xctest; sourceTree = BUILT_PRODUCTS_DIR; };
		79475E2A2882438E005911E3 /* LAPTOPNVNTests.swift */ = {isa = PBXFileReference; lastKnownFileType = sourcecode.swift; path = LAPTOPNVNTests.swift; sourceTree = "<group>"; };
		79475E302882438E005911E3 /* LAPTOPNVNUITests.xctest */ = {isa = PBXFileReference; explicitFileType = wrapper.cfbundle; includeInIndex = 0; path = LAPTOPNVNUITests.xctest; sourceTree = BUILT_PRODUCTS_DIR; };
		79475E342882438E005911E3 /* LAPTOPNVNUITests.swift */ = {isa = PBXFileReference; lastKnownFileType = sourcecode.swift; path = LAPTOPNVNUITests.swift; sourceTree = "<group>"; };
		79475E362882438E005911E3 /* LAPTOPNVNUITestsLaunchTests.swift */ = {isa = PBXFileReference; lastKnownFileType = sourcecode.swift; path = LAPTOPNVNUITestsLaunchTests.swift; sourceTree = "<group>"; };
/* End PBXFileReference section */

/* Begin PBXFrameworksBuildPhase section */
		79475E0D2882438D005911E3 /* Frameworks */ = {
			isa = PBXFrameworksBuildPhase;
			buildActionMask = 2147483647;
			files = (
			);
			runOnlyForDeploymentPostprocessing = 0;
		};
		79475E232882438E005911E3 /* Frameworks */ = {
			isa = PBXFrameworksBuildPhase;
			buildActionMask = 2147483647;
			files = (
			);
			runOnlyForDeploymentPostprocessing = 0;
		};
		79475E2D2882438E005911E3 /* Frameworks */ = {
			isa = PBXFrameworksBuildPhase;
			buildActionMask = 2147483647;
			files = (
			);
			runOnlyForDeploymentPostprocessing = 0;
		};
/* End PBXFrameworksBuildPhase section */

/* Begin PBXGroup section */
		79475E072882438D005911E3 = {
			isa = PBXGroup;
			children = (
				79475E122882438D005911E3 /* LAPTOPNVN */,
				79475E292882438E005911E3 /* LAPTOPNVNTests */,
				79475E332882438E005911E3 /* LAPTOPNVNUITests */,
				79475E112882438D005911E3 /* Products */,
			);
			sourceTree = "<group>";
		};
		79475E112882438D005911E3 /* Products */ = {
			isa = PBXGroup;
			children = (
				79475E102882438D005911E3 /* LAPTOPNVN.app */,
				79475E262882438E005911E3 /* LAPTOPNVNTests.xctest */,
				79475E302882438E005911E3 /* LAPTOPNVNUITests.xctest */,
			);
			name = Products;
			sourceTree = "<group>";
		};
		79475E122882438D005911E3 /* LAPTOPNVN */ = {
			isa = PBXGroup;
			children = (
				79475E132882438D005911E3 /* AppDelegate.swift */,
				79475E152882438D005911E3 /* SceneDelegate.swift */,
				79475E172882438D005911E3 /* ViewController.swift */,
				79475E192882438D005911E3 /* Main.storyboard */,
				79475E1C2882438E005911E3 /* Assets.xcassets */,
				79475E1E2882438E005911E3 /* LaunchScreen.storyboard */,
				79475E212882438E005911E3 /* Info.plist */,
			);
			path = LAPTOPNVN;
			sourceTree = "<group>";
		};
		79475E292882438E005911E3 /* LAPTOPNVNTests */ = {
			isa = PBXGroup;
			children = (
				79475E2A2882438E005911E3 /* LAPTOPNVNTests.swift */,
			);
			path = LAPTOPNVNTests;
			sourceTree = "<group>";
		};
		79475E332882438E005911E3 /* LAPTOPNVNUITests */ = {
			isa = PBXGroup;
			children = (
				79475E342882438E005911E3 /* LAPTOPNVNUITests.swift */,
				79475E362882438E005911E3 /* LAPTOPNVNUITestsLaunchTests.swift */,
			);
			path = LAPTOPNVNUITests;
			sourceTree = "<group>";
		};
/* End PBXGroup section */

/* Begin PBXNativeTarget section */
		79475E0F2882438D005911E3 /* LAPTOPNVN */ = {
			isa = PBXNativeTarget;
			buildConfigurationList = 79475E3A2882438E005911E3 /* Build configuration list for PBXNativeTarget "LAPTOPNVN" */;
			buildPhases = (
				79475E0C2882438D005911E3 /* Sources */,
				79475E0D2882438D005911E3 /* Frameworks */,
				79475E0E2882438D005911E3 /* Resources */,
			);
			buildRules = (
			);
			dependencies = (
			);
			name = LAPTOPNVN;
			productName = LAPTOPNVN;
			productReference = 79475E102882438D005911E3 /* LAPTOPNVN.app */;
			productType = "com.apple.product-type.application";
		};
		79475E252882438E005911E3 /* LAPTOPNVNTests */ = {
			isa = PBXNativeTarget;
			buildConfigurationList = 79475E3D2882438E005911E3 /* Build configuration list for PBXNativeTarget "LAPTOPNVNTests" */;
			buildPhases = (
				79475E222882438E005911E3 /* Sources */,
				79475E232882438E005911E3 /* Frameworks */,
				79475E242882438E005911E3 /* Resources */,
			);
			buildRules = (
			);
			dependencies = (
				79475E282882438E005911E3 /* PBXTargetDependency */,
			);
			name = LAPTOPNVNTests;
			productName = LAPTOPNVNTests;
			productReference = 79475E262882438E005911E3 /* LAPTOPNVNTests.xctest */;
			productType = "com.apple.product-type.bundle.unit-test";
		};
		79475E2F2882438E005911E3 /* LAPTOPNVNUITests */ = {
			isa = PBXNativeTarget;
			buildConfigurationList = 79475E402882438E005911E3 /* Build configuration list for PBXNativeTarget "LAPTOPNVNUITests" */;
			buildPhases = (
				79475E2C2882438E005911E3 /* Sources */,
				79475E2D2882438E005911E3 /* Frameworks */,
				79475E2E2882438E005911E3 /* Resources */,
			);
			buildRules = (
			);
			dependencies = (
				79475E322882438E005911E3 /* PBXTargetDependency */,
			);
			name = LAPTOPNVNUITests;
			productName = LAPTOPNVNUITests;
			productReference = 79475E302882438E005911E3 /* LAPTOPNVNUITests.xctest */;
			productType = "com.apple.product-type.bundle.ui-testing";
		};
/* End PBXNativeTarget section */

/* Begin PBXProject section */
		79475E082882438D005911E3 /* Project object */ = {
			isa = PBXProject;
			attributes = {
				BuildIndependentTargetsInParallel = 1;
				LastSwiftUpdateCheck = 1340;
				LastUpgradeCheck = 1340;
				TargetAttributes = {
					79475E0F2882438D005911E3 = {
						CreatedOnToolsVersion = 13.4.1;
					};
					79475E252882438E005911E3 = {
						CreatedOnToolsVersion = 13.4.1;
						TestTargetID = 79475E0F2882438D005911E3;
					};
					79475E2F2882438E005911E3 = {
						CreatedOnToolsVersion = 13.4.1;
						TestTargetID = 79475E0F2882438D005911E3;
					};
				};
			};
			buildConfigurationList = 79475E0B2882438D005911E3 /* Build configuration list for PBXProject "LAPTOPNVN" */;
			compatibilityVersion = "Xcode 13.0";
			developmentRegion = en;
			hasScannedForEncodings = 0;
			knownRegions = (
				en,
				Base,
			);
			mainGroup = 79475E072882438D005911E3;
			productRefGroup = 79475E112882438D005911E3 /* Products */;
			projectDirPath = "";
			projectRoot = "";
			targets = (
				79475E0F2882438D005911E3 /* LAPTOPNVN */,
				79475E252882438E005911E3 /* LAPTOPNVNTests */,
				79475E2F2882438E005911E3 /* LAPTOPNVNUITests */,
			);
		};
/* End PBXProject section */

/* Begin PBXResourcesBuildPhase section */
		79475E0E2882438D005911E3 /* Resources */ = {
			isa = PBXResourcesBuildPhase;
			buildActionMask = 2147483647;
			files = (
				79475E202882438E005911E3 /* LaunchScreen.storyboard in Resources */,
				79475E1D2882438E005911E3 /* Assets.xcassets in Resources */,
				79475E1B2882438D005911E3 /* Main.storyboard in Resources */,
			);
			runOnlyForDeploymentPostprocessing = 0;
		};
		79475E242882438E005911E3 /* Resources */ = {
			isa = PBXResourcesBuildPhase;
			buildActionMask = 2147483647;
			files = (
			);
			runOnlyForDeploymentPostprocessing = 0;
		};
		79475E2E2882438E005911E3 /* Resources */ = {
			isa = PBXResourcesBuildPhase;
			buildActionMask = 2147483647;
			files = (
			);
			runOnlyForDeploymentPostprocessing = 0;
		};
/* End PBXResourcesBuildPhase section */

/* Begin PBXSourcesBuildPhase section */
		79475E0C2882438D005911E3 /* Sources */ = {
			isa = PBXSourcesBuildPhase;
			buildActionMask = 2147483647;
			files = (
				79475E182882438D005911E3 /* ViewController.swift in Sources */,
				79475E142882438D005911E3 /* AppDelegate.swift in Sources */,
				79475E162882438D005911E3 /* SceneDelegate.swift in Sources */,
			);
			runOnlyForDeploymentPostprocessing = 0;
		};
		79475E222882438E005911E3 /* Sources */ = {
			isa = PBXSourcesBuildPhase;
			buildActionMask = 2147483647;
			files = (
				79475E2B2882438E005911E3 /* LAPTOPNVNTests.swift in Sources */,
			);
			runOnlyForDeploymentPostprocessing = 0;
		};
		79475E2C2882438E005911E3 /* Sources */ = {
			isa = PBXSourcesBuildPhase;
			buildActionMask = 2147483647;
			files = (
				79475E352882438E005911E3 /* LAPTOPNVNUITests.swift in Sources */,
				79475E372882438E005911E3 /* LAPTOPNVNUITestsLaunchTests.swift in Sources */,
			);
			runOnlyForDeploymentPostprocessing = 0;
		};
/* End PBXSourcesBuildPhase section */

/* Begin PBXTargetDependency section */
		79475E282882438E005911E3 /* PBXTargetDependency */ = {
			isa = PBXTargetDependency;
			target = 79475E0F2882438D005911E3 /* LAPTOPNVN */;
			targetProxy = 79475E272882438E005911E3 /* PBXContainerItemProxy */;
		};
		79475E322882438E005911E3 /* PBXTargetDependency */ = {
			isa = PBXTargetDependency;
			target = 79475E0F2882438D005911E3 /* LAPTOPNVN */;
			targetProxy = 79475E312882438E005911E3 /* PBXContainerItemProxy */;
		};
/* End PBXTargetDependency section */

/* Begin PBXVariantGroup section */
		79475E192882438D005911E3 /* Main.storyboard */ = {
			isa = PBXVariantGroup;
			children = (
				79475E1A2882438D005911E3 /* Base */,
			);
			name = Main.storyboard;
			sourceTree = "<group>";
		};
		79475E1E2882438E005911E3 /* LaunchScreen.storyboard */ = {
			isa = PBXVariantGroup;
			children = (
				79475E1F2882438E005911E3 /* Base */,
			);
			name = LaunchScreen.storyboard;
			sourceTree = "<group>";
		};
/* End PBXVariantGroup section */

/* Begin XCBuildConfiguration section */
		79475E382882438E005911E3 /* Debug */ = {
			isa = XCBuildConfiguration;
			buildSettings = {
				ALWAYS_SEARCH_USER_PATHS = NO;
				CLANG_ANALYZER_NONNULL = YES;
				CLANG_ANALYZER_NUMBER_OBJECT_CONVERSION = YES_AGGRESSIVE;
				CLANG_CXX_LANGUAGE_STANDARD = "gnu++17";
				CLANG_ENABLE_MODULES = YES;
				CLANG_ENABLE_OBJC_ARC = YES;
				CLANG_ENABLE_OBJC_WEAK = YES;
				CLANG_WARN_BLOCK_CAPTURE_AUTORELEASING = YES;
				CLANG_WARN_BOOL_CONVERSION = YES;
				CLANG_WARN_COMMA = YES;
				CLANG_WARN_CONSTANT_CONVERSION = YES;
				CLANG_WARN_DEPRECATED_OBJC_IMPLEMENTATIONS = YES;
				CLANG_WARN_DIRECT_OBJC_ISA_USAGE = YES_ERROR;
				CLANG_WARN_DOCUMENTATION_COMMENTS = YES;
				CLANG_WARN_EMPTY_BODY = YES;
				CLANG_WARN_ENUM_CONVERSION = YES;
				CLANG_WARN_INFINITE_RECURSION = YES;
				CLANG_WARN_INT_CONVERSION = YES;
				CLANG_WARN_NON_LITERAL_NULL_CONVERSION = YES;
				CLANG_WARN_OBJC_IMPLICIT_RETAIN_SELF = YES;
				CLANG_WARN_OBJC_LITERAL_CONVERSION = YES;
				CLANG_WARN_OBJC_ROOT_CLASS = YES_ERROR;
				CLANG_WARN_QUOTED_INCLUDE_IN_FRAMEWORK_HEADER = YES;
				CLANG_WARN_RANGE_LOOP_ANALYSIS = YES;
				CLANG_WARN_STRICT_PROTOTYPES = YES;
				CLANG_WARN_SUSPICIOUS_MOVE = YES;
				CLANG_WARN_UNGUARDED_AVAILABILITY = YES_AGGRESSIVE;
				CLANG_WARN_UNREACHABLE_CODE = YES;
				CLANG_WARN__DUPLICATE_METHOD_MATCH = YES;
				COPY_PHASE_STRIP = NO;
				DEBUG_INFORMATION_FORMAT = dwarf;
				ENABLE_STRICT_OBJC_MSGSEND = YES;
				ENABLE_TESTABILITY = YES;
				GCC_C_LANGUAGE_STANDARD = gnu11;
				GCC_DYNAMIC_NO_PIC = NO;
				GCC_NO_COMMON_BLOCKS = YES;
				GCC_OPTIMIZATION_LEVEL = 0;
				GCC_PREPROCESSOR_DEFINITIONS = (
					"DEBUG=1",
					"$(inherited)",
				);
				GCC_WARN_64_TO_32_BIT_CONVERSION = YES;
				GCC_WARN_ABOUT_RETURN_TYPE = YES_ERROR;
				GCC_WARN_UNDECLARED_SELECTOR = YES;
				GCC_WARN_UNINITIALIZED_AUTOS = YES_AGGRESSIVE;
				GCC_WARN_UNUSED_FUNCTION = YES;
				GCC_WARN_UNUSED_VARIABLE = YES;
				IPHONEOS_DEPLOYMENT_TARGET = 15.5;
				MTL_ENABLE_DEBUG_INFO = INCLUDE_SOURCE;
				MTL_FAST_MATH = YES;
				ONLY_ACTIVE_ARCH = YES;
				SDKROOT = iphoneos;
				SWIFT_ACTIVE_COMPILATION_CONDITIONS = DEBUG;
				SWIFT_OPTIMIZATION_LEVEL = "-Onone";
			};
			name = Debug;
		};
		79475E392882438E005911E3 /* Release */ = {
			isa = XCBuildConfiguration;
			buildSettings = {
				ALWAYS_SEARCH_USER_PATHS = NO;
				CLANG_ANALYZER_NONNULL = YES;
				CLANG_ANALYZER_NUMBER_OBJECT_CONVERSION = YES_AGGRESSIVE;
				CLANG_CXX_LANGUAGE_STANDARD = "gnu++17";
				CLANG_ENABLE_MODULES = YES;
				CLANG_ENABLE_OBJC_ARC = YES;
				CLANG_ENABLE_OBJC_WEAK = YES;
				CLANG_WARN_BLOCK_CAPTURE_AUTORELEASING = YES;
				CLANG_WARN_BOOL_CONVERSION = YES;
				CLANG_WARN_COMMA = YES;
				CLANG_WARN_CONSTANT_CONVERSION = YES;
				CLANG_WARN_DEPRECATED_OBJC_IMPLEMENTATIONS = YES;
				CLANG_WARN_DIRECT_OBJC_ISA_USAGE = YES_ERROR;
				CLANG_WARN_DOCUMENTATION_COMMENTS = YES;
				CLANG_WARN_EMPTY_BODY = YES;
				CLANG_WARN_ENUM_CONVERSION = YES;
				CLANG_WARN_INFINITE_RECURSION = YES;
				CLANG_WARN_INT_CONVERSION = YES;
				CLANG_WARN_NON_LITERAL_NULL_CONVERSION = YES;
				CLANG_WARN_OBJC_IMPLICIT_RETAIN_SELF = YES;
				CLANG_WARN_OBJC_LITERAL_CONVERSION = YES;
				CLANG_WARN_OBJC_ROOT_CLASS = YES_ERROR;
				CLANG_WARN_QUOTED_INCLUDE_IN_FRAMEWORK_HEADER = YES;
				CLANG_WARN_RANGE_LOOP_ANALYSIS = YES;
				CLANG_WARN_STRICT_PROTOTYPES = YES;
				CLANG_WARN_SUSPICIOUS_MOVE = YES;
				CLANG_WARN_UNGUARDED_AVAILABILITY = YES_AGGRESSIVE;
				CLANG_WARN_UNREACHABLE_CODE = YES;
				CLANG_WARN__DUPLICATE_METHOD_MATCH = YES;
				COPY_PHASE_STRIP = NO;
				DEBUG_INFORMATION_FORMAT = "dwarf-with-dsym";
				ENABLE_NS_ASSERTIONS = NO;
				ENABLE_STRICT_OBJC_MSGSEND = YES;
				GCC_C_LANGUAGE_STANDARD = gnu11;
				GCC_NO_COMMON_BLOCKS = YES;
				GCC_WARN_64_TO_32_BIT_CONVERSION = YES;
				GCC_WARN_ABOUT_RETURN_TYPE = YES_ERROR;
				GCC_WARN_UNDECLARED_SELECTOR = YES;
				GCC_WARN_UNINITIALIZED_AUTOS = YES_AGGRESSIVE;
				GCC_WARN_UNUSED_FUNCTION = YES;
				GCC_WARN_UNUSED_VARIABLE = YES;
				IPHONEOS_DEPLOYMENT_TARGET = 15.5;
				MTL_ENABLE_DEBUG_INFO = NO;
				MTL_FAST_MATH = YES;
				SDKROOT = iphoneos;
				SWIFT_COMPILATION_MODE = wholemodule;
				SWIFT_OPTIMIZATION_LEVEL = "-O";
				VALIDATE_PRODUCT = YES;
			};
			name = Release;
		};
		79475E3B2882438E005911E3 /* Debug */ = {
			isa = XCBuildConfiguration;
			buildSettings = {
				ASSETCATALOG_COMPILER_APPICON_NAME = AppIcon;
				ASSETCATALOG_COMPILER_GLOBAL_ACCENT_COLOR_NAME = AccentColor;
				CODE_SIGN_STYLE = Automatic;
				CURRENT_PROJECT_VERSION = 1;
				DEVELOPMENT_TEAM = 7Z5DWB469U;
				GENERATE_INFOPLIST_FILE = YES;
				INFOPLIST_FILE = LAPTOPNVN/Info.plist;
				INFOPLIST_KEY_UIApplicationSupportsIndirectInputEvents = YES;
				INFOPLIST_KEY_UILaunchStoryboardName = LaunchScreen;
				INFOPLIST_KEY_UIMainStoryboardFile = Main;
				INFOPLIST_KEY_UISupportedInterfaceOrientations_iPad = "UIInterfaceOrientationPortrait UIInterfaceOrientationPortraitUpsideDown UIInterfaceOrientationLandscapeLeft UIInterfaceOrientationLandscapeRight";
				INFOPLIST_KEY_UISupportedInterfaceOrientations_iPhone = "UIInterfaceOrientationPortrait UIInterfaceOrientationLandscapeLeft UIInterfaceOrientationLandscapeRight";
				LD_RUNPATH_SEARCH_PATHS = (
					"$(inherited)",
					"@executable_path/Frameworks",
				);
				MARKETING_VERSION = 1.0;
				PRODUCT_BUNDLE_IDENTIFIER = com.nvn.LAPTOPNVN;
				PRODUCT_NAME = "$(TARGET_NAME)";
				SWIFT_EMIT_LOC_STRINGS = YES;
				SWIFT_VERSION = 5.0;
				TARGETED_DEVICE_FAMILY = "1,2";
			};
			name = Debug;
		};
		79475E3C2882438E005911E3 /* Release */ = {
			isa = XCBuildConfiguration;
			buildSettings = {
				ASSETCATALOG_COMPILER_APPICON_NAME = AppIcon;
				ASSETCATALOG_COMPILER_GLOBAL_ACCENT_COLOR_NAME = AccentColor;
				CODE_SIGN_STYLE = Automatic;
				CURRENT_PROJECT_VERSION = 1;
				DEVELOPMENT_TEAM = 7Z5DWB469U;
				GENERATE_INFOPLIST_FILE = YES;
				INFOPLIST_FILE = LAPTOPNVN/Info.plist;
				INFOPLIST_KEY_UIApplicationSupportsIndirectInputEvents = YES;
				INFOPLIST_KEY_UILaunchStoryboardName = LaunchScreen;
				INFOPLIST_KEY_UIMainStoryboardFile = Main;
				INFOPLIST_KEY_UISupportedInterfaceOrientations_iPad = "UIInterfaceOrientationPortrait UIInterfaceOrientationPortraitUpsideDown UIInterfaceOrientationLandscapeLeft UIInterfaceOrientationLandscapeRight";
				INFOPLIST_KEY_UISupportedInterfaceOrientations_iPhone = "UIInterfaceOrientationPortrait UIInterfaceOrientationLandscapeLeft UIInterfaceOrientationLandscapeRight";
				LD_RUNPATH_SEARCH_PATHS = (
					"$(inherited)",
					"@executable_path/Frameworks",
				);
				MARKETING_VERSION = 1.0;
				PRODUCT_BUNDLE_IDENTIFIER = com.nvn.LAPTOPNVN;
				PRODUCT_NAME = "$(TARGET_NAME)";
				SWIFT_EMIT_LOC_STRINGS = YES;
				SWIFT_VERSION = 5.0;
				TARGETED_DEVICE_FAMILY = "1,2";
			};
			name = Release;
		};
		79475E3E2882438E005911E3 /* Debug */ = {
			isa = XCBuildConfiguration;
			buildSettings = {
				ALWAYS_EMBED_SWIFT_STANDARD_LIBRARIES = YES;
				BUNDLE_LOADER = "$(TEST_HOST)";
				CODE_SIGN_STYLE = Automatic;
				CURRENT_PROJECT_VERSION = 1;
				DEVELOPMENT_TEAM = 7Z5DWB469U;
				GENERATE_INFOPLIST_FILE = YES;
				IPHONEOS_DEPLOYMENT_TARGET = 15.5;
				MARKETING_VERSION = 1.0;
				PRODUCT_BUNDLE_IDENTIFIER = com.nvn.LAPTOPNVNTests;
				PRODUCT_NAME = "$(TARGET_NAME)";
				SWIFT_EMIT_LOC_STRINGS = NO;
				SWIFT_VERSION = 5.0;
				TARGETED_DEVICE_FAMILY = "1,2";
				TEST_HOST = "$(BUILT_PRODUCTS_DIR)/LAPTOPNVN.app/LAPTOPNVN";
			};
			name = Debug;
		};
		79475E3F2882438E005911E3 /* Release */ = {
			isa = XCBuildConfiguration;
			buildSettings = {
				ALWAYS_EMBED_SWIFT_STANDARD_LIBRARIES = YES;
				BUNDLE_LOADER = "$(TEST_HOST)";
				CODE_SIGN_STYLE = Automatic;
				CURRENT_PROJECT_VERSION = 1;
				DEVELOPMENT_TEAM = 7Z5DWB469U;
				GENERATE_INFOPLIST_FILE = YES;
				IPHONEOS_DEPLOYMENT_TARGET = 15.5;
				MARKETING_VERSION = 1.0;
				PRODUCT_BUNDLE_IDENTIFIER = com.nvn.LAPTOPNVNTests;
				PRODUCT_NAME = "$(TARGET_NAME)";
				SWIFT_EMIT_LOC_STRINGS = NO;
				SWIFT_VERSION = 5.0;
				TARGETED_DEVICE_FAMILY = "1,2";
				TEST_HOST = "$(BUILT_PRODUCTS_DIR)/LAPTOPNVN.app/LAPTOPNVN";
			};
			name = Release;
		};
		79475E412882438E005911E3 /* Debug */ = {
			isa = XCBuildConfiguration;
			buildSettings = {
				ALWAYS_EMBED_SWIFT_STANDARD_LIBRARIES = YES;
				CODE_SIGN_STYLE = Automatic;
				CURRENT_PROJECT_VERSION = 1;
				DEVELOPMENT_TEAM = 7Z5DWB469U;
				GENERATE_INFOPLIST_FILE = YES;
				MARKETING_VERSION = 1.0;
				PRODUCT_BUNDLE_IDENTIFIER = com.nvn.LAPTOPNVNUITests;
				PRODUCT_NAME = "$(TARGET_NAME)";
				SWIFT_EMIT_LOC_STRINGS = NO;
				SWIFT_VERSION = 5.0;
				TARGETED_DEVICE_FAMILY = "1,2";
				TEST_TARGET_NAME = LAPTOPNVN;
			};
			name = Debug;
		};
		79475E422882438E005911E3 /* Release */ = {
			isa = XCBuildConfiguration;
			buildSettings = {
				ALWAYS_EMBED_SWIFT_STANDARD_LIBRARIES = YES;
				CODE_SIGN_STYLE = Automatic;
				CURRENT_PROJECT_VERSION = 1;
				DEVELOPMENT_TEAM = 7Z5DWB469U;
				GENERATE_INFOPLIST_FILE = YES;
				MARKETING_VERSION = 1.0;
				PRODUCT_BUNDLE_IDENTIFIER = com.nvn.LAPTOPNVNUITests;
				PRODUCT_NAME = "$(TARGET_NAME)";
				SWIFT_EMIT_LOC_STRINGS = NO;
				SWIFT_VERSION = 5.0;
				TARGETED_DEVICE_FAMILY = "1,2";
				TEST_TARGET_NAME = LAPTOPNVN;
			};
			name = Release;
		};
/* End XCBuildConfiguration section */

/* Begin XCConfigurationList section */
		79475E0B2882438D005911E3 /* Build configuration list for PBXProject "LAPTOPNVN" */ = {
			isa = XCConfigurationList;
			buildConfigurations = (
				79475E382882438E005911E3 /* Debug */,
				79475E392882438E005911E3 /* Release */,
			);
			defaultConfigurationIsVisible = 0;
			defaultConfigurationName = Release;
		};
		79475E3A2882438E005911E3 /* Build configuration list for PBXNativeTarget "LAPTOPNVN" */ = {
			isa = XCConfigurationList;
			buildConfigurations = (
				79475E3B2882438E005911E3 /* Debug */,
				79475E3C2882438E005911E3 /* Release */,
			);
			defaultConfigurationIsVisible = 0;
			defaultConfigurationName = Release;
		};
		79475E3D2882438E005911E3 /* Build configuration list for PBXNativeTarget "LAPTOPNVNTests" */ = {
			isa = XCConfigurationList;
			buildConfigurations = (
				79475E3E2882438E005911E3 /* Debug */,
				79475E3F2882438E005911E3 /* Release */,
			);
			defaultConfigurationIsVisible = 0;
			defaultConfigurationName = Release;
		};
		79475E402882438E005911E3 /* Build configuration list for PBXNativeTarget "LAPTOPNVNUITests" */ = {
			isa = XCConfigurationList;
			buildConfigurations = (
				79475E412882438E005911E3 /* Debug */,
				79475E422882438E005911E3 /* Release */,
			);
			defaultConfigurationIsVisible = 0;
			defaultConfigurationName = Release;
		};
/* End XCConfigurationList section */
	};
	rootObject = 79475E082882438D005911E3 /* Project object */;
}
